
Microsoft Visual Studio Solution File, Format Version 12.00
# Visual Studio Version 17
VisualStudioVersion = 17.5.33627.172
MinimumVisualStudioVersion = 10.0.40219.1
Project("{FAE04EC0-301F-11D3-BF4B-00C04F79EFBC}") = "Lab-FormValidation", "Lab-FormValidation.csproj", "{BE457097-9E4E-4E7A-B8BA-1949059A71DB}"
EndProject
Global
	GlobalSection(SolutionConfigurationPlatforms) = preSolution
		Debug|Any CPU = Debug|Any CPU
		Release|Any CPU = Release|Any CPU
	EndGlobalSection
	GlobalSection(ProjectConfigurationPlatforms) = postSolution
		{BE457097-9E4E-4E7A-B8BA-1949059A71DB}.Debug|Any CPU.ActiveCfg = Debug|Any CPU
		{BE457097-9E4E-4E7A-B8BA-1949059A71DB}.Debug|Any CPU.Build.0 = Debug|Any CPU
		{BE457097-9E4E-4E7A-B8BA-1949059A71DB}.Release|Any CPU.ActiveCfg = Release|Any CPU
		{BE457097-9E4E-4E7A-B8BA-1949059A71DB}.Release|Any CPU.Build.0 = Release|Any CPU
	EndGlobalSection
	GlobalSection(SolutionProperties) = preSolution
		HideSolutionNode = FALSE
	EndGlobalSection
	GlobalSection(ExtensibilityGlobals) = postSolution
		SolutionGuid = {785AFEF5-3901-440C-8EBE-9BD7B79E9987}
	EndGlobalSection
EndGlobal
